// !$*UTF8*$!
{
	archiveVersion = 1;
	classes = {
	};
	objectVersion = 46;
	objects = {

/* Begin PBXBuildFile section */
		823A3521193CE6C400D078FD /* Seaport_Panorama.jpg in Resources */ = {isa = PBXBuildFile; fileRef = 823A351F193CE6C400D078FD /* Seaport_Panorama.jpg */; };
		823A3522193CE6C400D078FD /* Seaport_Panorama@2x.jpg in Resources */ = {isa = PBXBuildFile; fileRef = 823A3520193CE6C400D078FD /* Seaport_Panorama@2x.jpg */; };
		823A3525193CEA2C00D078FD /* xh_dotsLabel.m in Sources */ = {isa = PBXBuildFile; fileRef = 823A3524193CEA2C00D078FD /* xh_dotsLabel.m */; };
		823A3527193CEB0700D078FD /* data.plist in Resources */ = {isa = PBXBuildFile; fileRef = 823A3526193CEB0700D078FD /* data.plist */; };
		823A352D193D155700D078FD /* xhPanoramicView.m in Sources */ = {isa = PBXBuildFile; fileRef = 823A352C193D155700D078FD /* xhPanoramicView.m */; };
		823A352F193D1DA700D078FD /* surrounding_image.jpg in Resources */ = {isa = PBXBuildFile; fileRef = 823A352E193D1DA700D078FD /* surrounding_image.jpg */; };
		823A3536193D24AA00D078FD /* slotmachine_surroundings_getting_button_opendata.png in Resources */ = {isa = PBXBuildFile; fileRef = 823A3534193D24AA00D078FD /* slotmachine_surroundings_getting_button_opendata.png */; };
		823A3537193D24AA00D078FD /* slotmachine_surroundings_getting_button_opendata@2x.png in Resources */ = {isa = PBXBuildFile; fileRef = 823A3535193D24AA00D078FD /* slotmachine_surroundings_getting_button_opendata@2x.png */; };
		824E0CC6191ACACF00CBC4A9 /* Foundation.framework in Frameworks */ = {isa = PBXBuildFile; fileRef = 824E0CC5191ACACF00CBC4A9 /* Foundation.framework */; };
		824E0CC8191ACACF00CBC4A9 /* CoreGraphics.framework in Frameworks */ = {isa = PBXBuildFile; fileRef = 824E0CC7191ACACF00CBC4A9 /* CoreGraphics.framework */; };
		824E0CCA191ACACF00CBC4A9 /* UIKit.framework in Frameworks */ = {isa = PBXBuildFile; fileRef = 824E0CC9191ACACF00CBC4A9 /* UIKit.framework */; };
		824E0CD0191ACACF00CBC4A9 /* InfoPlist.strings in Resources */ = {isa = PBXBuildFile; fileRef = 824E0CCE191ACACF00CBC4A9 /* InfoPlist.strings */; };
		824E0CD2191ACACF00CBC4A9 /* main.m in Sources */ = {isa = PBXBuildFile; fileRef = 824E0CD1191ACACF00CBC4A9 /* main.m */; };
		824E0CD6191ACACF00CBC4A9 /* AppDelegate.m in Sources */ = {isa = PBXBuildFile; fileRef = 824E0CD5191ACACF00CBC4A9 /* AppDelegate.m */; };
		824E0CD9191ACACF00CBC4A9 /* Main.storyboard in Resources */ = {isa = PBXBuildFile; fileRef = 824E0CD7191ACACF00CBC4A9 /* Main.storyboard */; };
		824E0CDC191ACACF00CBC4A9 /* ViewController.m in Sources */ = {isa = PBXBuildFile; fileRef = 824E0CDB191ACACF00CBC4A9 /* ViewController.m */; };
		824E0CDE191ACACF00CBC4A9 /* Images.xcassets in Resources */ = {isa = PBXBuildFile; fileRef = 824E0CDD191ACACF00CBC4A9 /* Images.xcassets */; };
		824E0CE5191ACACF00CBC4A9 /* XCTest.framework in Frameworks */ = {isa = PBXBuildFile; fileRef = 824E0CE4191ACACF00CBC4A9 /* XCTest.framework */; };
		824E0CE6191ACACF00CBC4A9 /* Foundation.framework in Frameworks */ = {isa = PBXBuildFile; fileRef = 824E0CC5191ACACF00CBC4A9 /* Foundation.framework */; };
		824E0CE7191ACACF00CBC4A9 /* UIKit.framework in Frameworks */ = {isa = PBXBuildFile; fileRef = 824E0CC9191ACACF00CBC4A9 /* UIKit.framework */; };
		824E0CEF191ACACF00CBC4A9 /* InfoPlist.strings in Resources */ = {isa = PBXBuildFile; fileRef = 824E0CED191ACACF00CBC4A9 /* InfoPlist.strings */; };
		824E0CF1191ACACF00CBC4A9 /* xh_AccelerMonitorTests.m in Sources */ = {isa = PBXBuildFile; fileRef = 824E0CF0191ACACF00CBC4A9 /* xh_AccelerMonitorTests.m */; };
		824E0CFB191ACB0900CBC4A9 /* CoreMotion.framework in Frameworks */ = {isa = PBXBuildFile; fileRef = 824E0CFA191ACB0900CBC4A9 /* CoreMotion.framework */; };
/* End PBXBuildFile section */

/* Begin PBXContainerItemProxy section */
		824E0CE8191ACACF00CBC4A9 /* PBXContainerItemProxy */ = {
			isa = PBXContainerItemProxy;
			containerPortal = 824E0CBA191ACACE00CBC4A9 /* Project object */;
			proxyType = 1;
			remoteGlobalIDString = 824E0CC1191ACACF00CBC4A9;
			remoteInfo = xh_AccelerMonitor;
		};
/* End PBXContainerItemProxy section */

/* Begin PBXFileReference section */
		823A351F193CE6C400D078FD /* Seaport_Panorama.jpg */ = {isa = PBXFileReference; lastKnownFileType = image.jpeg; path = Seaport_Panorama.jpg; sourceTree = "<group>"; };
		823A3520193CE6C400D078FD /* Seaport_Panorama@2x.jpg */ = {isa = PBXFileReference; lastKnownFileType = image.jpeg; path = "Seaport_Panorama@2x.jpg"; sourceTree = "<group>"; };
		823A3523193CEA2C00D078FD /* xh_dotsLabel.h */ = {isa = PBXFileReference; fileEncoding = 4; lastKnownFileType = sourcecode.c.h; path = xh_dotsLabel.h; sourceTree = "<group>"; };
		823A3524193CEA2C00D078FD /* xh_dotsLabel.m */ = {isa = PBXFileReference; fileEncoding = 4; lastKnownFileType = sourcecode.c.objc; path = xh_dotsLabel.m; sourceTree = "<group>"; };
		823A3526193CEB0700D078FD /* data.plist */ = {isa = PBXFileReference; fileEncoding = 4; lastKnownFileType = text.plist.xml; path = data.plist; sourceTree = "<group>"; };
		823A352B193D155700D078FD /* xhPanoramicView.h */ = {isa = PBXFileReference; fileEncoding = 4; lastKnownFileType = sourcecode.c.h; path = xhPanoramicView.h; sourceTree = "<group>"; };
		823A352C193D155700D078FD /* xhPanoramicView.m */ = {isa = PBXFileReference; fileEncoding = 4; lastKnownFileType = sourcecode.c.objc; path = xhPanoramicView.m; sourceTree = "<group>"; };
		823A352E193D1DA700D078FD /* surrounding_image.jpg */ = {isa = PBXFileReference; lastKnownFileType = image.jpeg; path = surrounding_image.jpg; sourceTree = "<group>"; };
		823A3534193D24AA00D078FD /* slotmachine_surroundings_getting_button_opendata.png */ = {isa = PBXFileReference; lastKnownFileType = image.png; path = slotmachine_surroundings_getting_button_opendata.png; sourceTree = "<group>"; };
		823A3535193D24AA00D078FD /* slotmachine_surroundings_getting_button_opendata@2x.png */ = {isa = PBXFileReference; lastKnownFileType = image.png; path = "slotmachine_surroundings_getting_button_opendata@2x.png"; sourceTree = "<group>"; };
		824E0CC2191ACACF00CBC4A9 /* xh_AccelerMonitor.app */ = {isa = PBXFileReference; explicitFileType = wrapper.application; includeInIndex = 0; path = xh_AccelerMonitor.app; sourceTree = BUILT_PRODUCTS_DIR; };
		824E0CC5191ACACF00CBC4A9 /* Foundation.framework */ = {isa = PBXFileReference; lastKnownFileType = wrapper.framework; name = Foundation.framework; path = System/Library/Frameworks/Foundation.framework; sourceTree = SDKROOT; };
		824E0CC7191ACACF00CBC4A9 /* CoreGraphics.framework */ = {isa = PBXFileReference; lastKnownFileType = wrapper.framework; name = CoreGraphics.framework; path = System/Library/Frameworks/CoreGraphics.framework; sourceTree = SDKROOT; };
		824E0CC9191ACACF00CBC4A9 /* UIKit.framework */ = {isa = PBXFileReference; lastKnownFileType = wrapper.framework; name = UIKit.framework; path = System/Library/Frameworks/UIKit.framework; sourceTree = SDKROOT; };
		824E0CCD191ACACF00CBC4A9 /* xh_AccelerMonitor-Info.plist */ = {isa = PBXFileReference; lastKnownFileType = text.plist.xml; path = "xh_AccelerMonitor-Info.plist"; sourceTree = "<group>"; };
		824E0CCF191ACACF00CBC4A9 /* en */ = {isa = PBXFileReference; lastKnownFileType = text.plist.strings; name = en; path = en.lproj/InfoPlist.strings; sourceTree = "<group>"; };
		824E0CD1191ACACF00CBC4A9 /* main.m */ = {isa = PBXFileReference; lastKnownFileType = sourcecode.c.objc; path = main.m; sourceTree = "<group>"; };
		824E0CD3191ACACF00CBC4A9 /* xh_AccelerMonitor-Prefix.pch */ = {isa = PBXFileReference; lastKnownFileType = sourcecode.c.h; path = "xh_AccelerMonitor-Prefix.pch"; sourceTree = "<group>"; };
		824E0CD4191ACACF00CBC4A9 /* AppDelegate.h */ = {isa = PBXFileReference; lastKnownFileType = sourcecode.c.h; path = AppDelegate.h; sourceTree = "<group>"; };
		824E0CD5191ACACF00CBC4A9 /* AppDelegate.m */ = {isa = PBXFileReference; lastKnownFileType = sourcecode.c.objc; path = AppDelegate.m; sourceTree = "<group>"; };
		824E0CD8191ACACF00CBC4A9 /* Base */ = {isa = PBXFileReference; lastKnownFileType = file.storyboard; name = Base; path = Base.lproj/Main.storyboard; sourceTree = "<group>"; };
		824E0CDA191ACACF00CBC4A9 /* ViewController.h */ = {isa = PBXFileReference; lastKnownFileType = sourcecode.c.h; path = ViewController.h; sourceTree = "<group>"; };
		824E0CDB191ACACF00CBC4A9 /* ViewController.m */ = {isa = PBXFileReference; lastKnownFileType = sourcecode.c.objc; path = ViewController.m; sourceTree = "<group>"; };
		824E0CDD191ACACF00CBC4A9 /* Images.xcassets */ = {isa = PBXFileReference; lastKnownFileType = folder.assetcatalog; path = Images.xcassets; sourceTree = "<group>"; };
		824E0CE3191ACACF00CBC4A9 /* xh_AccelerMonitorTests.xctest */ = {isa = PBXFileReference; explicitFileType = wrapper.cfbundle; includeInIndex = 0; path = xh_AccelerMonitorTests.xctest; sourceTree = BUILT_PRODUCTS_DIR; };
		824E0CE4191ACACF00CBC4A9 /* XCTest.framework */ = {isa = PBXFileReference; lastKnownFileType = wrapper.framework; name = XCTest.framework; path = Library/Frameworks/XCTest.framework; sourceTree = DEVELOPER_DIR; };
		824E0CEC191ACACF00CBC4A9 /* xh_AccelerMonitorTests-Info.plist */ = {isa = PBXFileReference; lastKnownFileType = text.plist.xml; path = "xh_AccelerMonitorTests-Info.plist"; sourceTree = "<group>"; };
		824E0CEE191ACACF00CBC4A9 /* en */ = {isa = PBXFileReference; lastKnownFileType = text.plist.strings; name = en; path = en.lproj/InfoPlist.strings; sourceTree = "<group>"; };
		824E0CF0191ACACF00CBC4A9 /* xh_AccelerMonitorTests.m */ = {isa = PBXFileReference; lastKnownFileType = sourcecode.c.objc; path = xh_AccelerMonitorTests.m; sourceTree = "<group>"; };
		824E0CFA191ACB0900CBC4A9 /* CoreMotion.framework */ = {isa = PBXFileReference; lastKnownFileType = wrapper.framework; name = CoreMotion.framework; path = System/Library/Frameworks/CoreMotion.framework; sourceTree = SDKROOT; };
/* End PBXFileReference section */

/* Begin PBXFrameworksBuildPhase section */
		824E0CBF191ACACF00CBC4A9 /* Frameworks */ = {
			isa = PBXFrameworksBuildPhase;
			buildActionMask = 2147483647;
			files = (
				824E0CFB191ACB0900CBC4A9 /* CoreMotion.framework in Frameworks */,
				824E0CC8191ACACF00CBC4A9 /* CoreGraphics.framework in Frameworks */,
				824E0CCA191ACACF00CBC4A9 /* UIKit.framework in Frameworks */,
				824E0CC6191ACACF00CBC4A9 /* Foundation.framework in Frameworks */,
			);
			runOnlyForDeploymentPostprocessing = 0;
		};
		824E0CE0191ACACF00CBC4A9 /* Frameworks */ = {
			isa = PBXFrameworksBuildPhase;
			buildActionMask = 2147483647;
			files = (
				824E0CE5191ACACF00CBC4A9 /* XCTest.framework in Frameworks */,
				824E0CE7191ACACF00CBC4A9 /* UIKit.framework in Frameworks */,
				824E0CE6191ACACF00CBC4A9 /* Foundation.framework in Frameworks */,
			);
			runOnlyForDeploymentPostprocessing = 0;
		};
/* End PBXFrameworksBuildPhase section */

/* Begin PBXGroup section */
		824E0CB9191ACACE00CBC4A9 = {
			isa = PBXGroup;
			children = (
				824E0CCB191ACACF00CBC4A9 /* xh_AccelerMonitor */,
				824E0CEA191ACACF00CBC4A9 /* xh_AccelerMonitorTests */,
				824E0CC4191ACACF00CBC4A9 /* Frameworks */,
				824E0CC3191ACACF00CBC4A9 /* Products */,
			);
			sourceTree = "<group>";
		};
		824E0CC3191ACACF00CBC4A9 /* Products */ = {
			isa = PBXGroup;
			children = (
				824E0CC2191ACACF00CBC4A9 /* xh_AccelerMonitor.app */,
				824E0CE3191ACACF00CBC4A9 /* xh_AccelerMonitorTests.xctest */,
			);
			name = Products;
			sourceTree = "<group>";
		};
		824E0CC4191ACACF00CBC4A9 /* Frameworks */ = {
			isa = PBXGroup;
			children = (
				824E0CFA191ACB0900CBC4A9 /* CoreMotion.framework */,
				824E0CC5191ACACF00CBC4A9 /* Foundation.framework */,
				824E0CC7191ACACF00CBC4A9 /* CoreGraphics.framework */,
				824E0CC9191ACACF00CBC4A9 /* UIKit.framework */,
				824E0CE4191ACACF00CBC4A9 /* XCTest.framework */,
			);
			name = Frameworks;
			sourceTree = "<group>";
		};
		824E0CCB191ACACF00CBC4A9 /* xh_AccelerMonitor */ = {
			isa = PBXGroup;
			children = (
				824E0CD4191ACACF00CBC4A9 /* AppDelegate.h */,
				824E0CD5191ACACF00CBC4A9 /* AppDelegate.m */,
				824E0CD7191ACACF00CBC4A9 /* Main.storyboard */,
				824E0CDA191ACACF00CBC4A9 /* ViewController.h */,
				824E0CDB191ACACF00CBC4A9 /* ViewController.m */,
				823A352B193D155700D078FD /* xhPanoramicView.h */,
				823A352C193D155700D078FD /* xhPanoramicView.m */,
				823A3523193CEA2C00D078FD /* xh_dotsLabel.h */,
				823A3524193CEA2C00D078FD /* xh_dotsLabel.m */,
				823A3526193CEB0700D078FD /* data.plist */,
				823A351F193CE6C400D078FD /* Seaport_Panorama.jpg */,
				823A3520193CE6C400D078FD /* Seaport_Panorama@2x.jpg */,
				823A352E193D1DA700D078FD /* surrounding_image.jpg */,
				823A3534193D24AA00D078FD /* slotmachine_surroundings_getting_button_opendata.png */,
				823A3535193D24AA00D078FD /* slotmachine_surroundings_getting_button_opendata@2x.png */,
				824E0CDD191ACACF00CBC4A9 /* Images.xcassets */,
				824E0CCC191ACACF00CBC4A9 /* Supporting Files */,
			);
			path = xh_AccelerMonitor;
			sourceTree = "<group>";
		};
		824E0CCC191ACACF00CBC4A9 /* Supporting Files */ = {
			isa = PBXGroup;
			children = (
				824E0CCD191ACACF00CBC4A9 /* xh_AccelerMonitor-Info.plist */,
				824E0CCE191ACACF00CBC4A9 /* InfoPlist.strings */,
				824E0CD1191ACACF00CBC4A9 /* main.m */,
				824E0CD3191ACACF00CBC4A9 /* xh_AccelerMonitor-Prefix.pch */,
			);
			name = "Supporting Files";
			sourceTree = "<group>";
		};
		824E0CEA191ACACF00CBC4A9 /* xh_AccelerMonitorTests */ = {
			isa = PBXGroup;
			children = (
				824E0CF0191ACACF00CBC4A9 /* xh_AccelerMonitorTests.m */,
				824E0CEB191ACACF00CBC4A9 /* Supporting Files */,
			);
			path = xh_AccelerMonitorTests;
			sourceTree = "<group>";
		};
		824E0CEB191ACACF00CBC4A9 /* Supporting Files */ = {
			isa = PBXGroup;
			children = (
				824E0CEC191ACACF00CBC4A9 /* xh_AccelerMonitorTests-Info.plist */,
				824E0CED191ACACF00CBC4A9 /* InfoPlist.strings */,
			);
			name = "Supporting Files";
			sourceTree = "<group>";
		};
/* End PBXGroup section */

/* Begin PBXNativeTarget section */
		824E0CC1191ACACF00CBC4A9 /* xh_AccelerMonitor */ = {
			isa = PBXNativeTarget;
			buildConfigurationList = 824E0CF4191ACACF00CBC4A9 /* Build configuration list for PBXNativeTarget "xh_AccelerMonitor" */;
			buildPhases = (
				824E0CBE191ACACF00CBC4A9 /* Sources */,
				824E0CBF191ACACF00CBC4A9 /* Frameworks */,
				824E0CC0191ACACF00CBC4A9 /* Resources */,
			);
			buildRules = (
			);
			dependencies = (
			);
			name = xh_AccelerMonitor;
			productName = xh_AccelerMonitor;
			productReference = 824E0CC2191ACACF00CBC4A9 /* xh_AccelerMonitor.app */;
			productType = "com.apple.product-type.application";
		};
		824E0CE2191ACACF00CBC4A9 /* xh_AccelerMonitorTests */ = {
			isa = PBXNativeTarget;
			buildConfigurationList = 824E0CF7191ACACF00CBC4A9 /* Build configuration list for PBXNativeTarget "xh_AccelerMonitorTests" */;
			buildPhases = (
				824E0CDF191ACACF00CBC4A9 /* Sources */,
				824E0CE0191ACACF00CBC4A9 /* Frameworks */,
				824E0CE1191ACACF00CBC4A9 /* Resources */,
			);
			buildRules = (
			);
			dependencies = (
				824E0CE9191ACACF00CBC4A9 /* PBXTargetDependency */,
			);
			name = xh_AccelerMonitorTests;
			productName = xh_AccelerMonitorTests;
			productReference = 824E0CE3191ACACF00CBC4A9 /* xh_AccelerMonitorTests.xctest */;
			productType = "com.apple.product-type.bundle.unit-test";
		};
/* End PBXNativeTarget section */

/* Begin PBXProject section */
		824E0CBA191ACACE00CBC4A9 /* Project object */ = {
			isa = PBXProject;
			attributes = {
				LastUpgradeCheck = 0510;
				ORGANIZATIONNAME = "Xiaohe Hu";
				TargetAttributes = {
					824E0CE2191ACACF00CBC4A9 = {
						TestTargetID = 824E0CC1191ACACF00CBC4A9;
					};
				};
			};
			buildConfigurationList = 824E0CBD191ACACE00CBC4A9 /* Build configuration list for PBXProject "xh_AccelerMonitor" */;
			compatibilityVersion = "Xcode 3.2";
			developmentRegion = English;
			hasScannedForEncodings = 0;
			knownRegions = (
				en,
				Base,
			);
			mainGroup = 824E0CB9191ACACE00CBC4A9;
			productRefGroup = 824E0CC3191ACACF00CBC4A9 /* Products */;
			projectDirPath = "";
			projectRoot = "";
			targets = (
				824E0CC1191ACACF00CBC4A9 /* xh_AccelerMonitor */,
				824E0CE2191ACACF00CBC4A9 /* xh_AccelerMonitorTests */,
			);
		};
/* End PBXProject section */

/* Begin PBXResourcesBuildPhase section */
		824E0CC0191ACACF00CBC4A9 /* Resources */ = {
			isa = PBXResourcesBuildPhase;
			buildActionMask = 2147483647;
			files = (
				824E0CDE191ACACF00CBC4A9 /* Images.xcassets in Resources */,
				824E0CD0191ACACF00CBC4A9 /* InfoPlist.strings in Resources */,
				824E0CD9191ACACF00CBC4A9 /* Main.storyboard in Resources */,
				823A3522193CE6C400D078FD /* Seaport_Panorama@2x.jpg in Resources */,
				823A352F193D1DA700D078FD /* surrounding_image.jpg in Resources */,
				823A3527193CEB0700D078FD /* data.plist in Resources */,
				823A3521193CE6C400D078FD /* Seaport_Panorama.jpg in Resources */,
				823A3536193D24AA00D078FD /* slotmachine_surroundings_getting_button_opendata.png in Resources */,
				823A3537193D24AA00D078FD /* slotmachine_surroundings_getting_button_opendata@2x.png in Resources */,
			);
			runOnlyForDeploymentPostprocessing = 0;
		};
		824E0CE1191ACACF00CBC4A9 /* Resources */ = {
			isa = PBXResourcesBuildPhase;
			buildActionMask = 2147483647;
			files = (
				824E0CEF191ACACF00CBC4A9 /* InfoPlist.strings in Resources */,
			);
			runOnlyForDeploymentPostprocessing = 0;
		};
/* End PBXResourcesBuildPhase section */

/* Begin PBXSourcesBuildPhase section */
		824E0CBE191ACACF00CBC4A9 /* Sources */ = {
			isa = PBXSourcesBuildPhase;
			buildActionMask = 2147483647;
			files = (
				824E0CDC191ACACF00CBC4A9 /* ViewController.m in Sources */,
				823A352D193D155700D078FD /* xhPanoramicView.m in Sources */,
				824E0CD6191ACACF00CBC4A9 /* AppDelegate.m in Sources */,
				823A3525193CEA2C00D078FD /* xh_dotsLabel.m in Sources */,
				824E0CD2191ACACF00CBC4A9 /* main.m in Sources */,
			);
			runOnlyForDeploymentPostprocessing = 0;
		};
		824E0CDF191ACACF00CBC4A9 /* Sources */ = {
			isa = PBXSourcesBuildPhase;
			buildActionMask = 2147483647;
			files = (
				824E0CF1191ACACF00CBC4A9 /* xh_AccelerMonitorTests.m in Sources */,
			);
			runOnlyForDeploymentPostprocessing = 0;
		};
/* End PBXSourcesBuildPhase section */

/* Begin PBXTargetDependency section */
		824E0CE9191ACACF00CBC4A9 /* PBXTargetDependency */ = {
			isa = PBXTargetDependency;
			target = 824E0CC1191ACACF00CBC4A9 /* xh_AccelerMonitor */;
			targetProxy = 824E0CE8191ACACF00CBC4A9 /* PBXContainerItemProxy */;
		};
/* End PBXTargetDependency section */

/* Begin PBXVariantGroup section */
		824E0CCE191ACACF00CBC4A9 /* InfoPlist.strings */ = {
			isa = PBXVariantGroup;
			children = (
				824E0CCF191ACACF00CBC4A9 /* en */,
			);
			name = InfoPlist.strings;
			sourceTree = "<group>";
		};
		824E0CD7191ACACF00CBC4A9 /* Main.storyboard */ = {
			isa = PBXVariantGroup;
			children = (
				824E0CD8191ACACF00CBC4A9 /* Base */,
			);
			name = Main.storyboard;
			sourceTree = "<group>";
		};
		824E0CED191ACACF00CBC4A9 /* InfoPlist.strings */ = {
			isa = PBXVariantGroup;
			children = (
				824E0CEE191ACACF00CBC4A9 /* en */,
			);
			name = InfoPlist.strings;
			sourceTree = "<group>";
		};
/* End PBXVariantGroup section */

/* Begin XCBuildConfiguration section */
		824E0CF2191ACACF00CBC4A9 /* Debug */ = {
			isa = XCBuildConfiguration;
			buildSettings = {
				ALWAYS_SEARCH_USER_PATHS = NO;
				CLANG_CXX_LANGUAGE_STANDARD = "gnu++0x";
				CLANG_CXX_LIBRARY = "libc++";
				CLANG_ENABLE_MODULES = YES;
				CLANG_ENABLE_OBJC_ARC = YES;
				CLANG_WARN_BOOL_CONVERSION = YES;
				CLANG_WARN_CONSTANT_CONVERSION = YES;
				CLANG_WARN_DIRECT_OBJC_ISA_USAGE = YES_ERROR;
				CLANG_WARN_EMPTY_BODY = YES;
				CLANG_WARN_ENUM_CONVERSION = YES;
				CLANG_WARN_INT_CONVERSION = YES;
				CLANG_WARN_OBJC_ROOT_CLASS = YES_ERROR;
				CLANG_WARN__DUPLICATE_METHOD_MATCH = YES;
				"CODE_SIGN_IDENTITY[sdk=iphoneos*]" = "iPhone Developer";
				COPY_PHASE_STRIP = NO;
				GCC_C_LANGUAGE_STANDARD = gnu99;
				GCC_DYNAMIC_NO_PIC = NO;
				GCC_OPTIMIZATION_LEVEL = 0;
				GCC_PREPROCESSOR_DEFINITIONS = (
					"DEBUG=1",
					"$(inherited)",
				);
				GCC_SYMBOLS_PRIVATE_EXTERN = NO;
				GCC_WARN_64_TO_32_BIT_CONVERSION = YES;
				GCC_WARN_ABOUT_RETURN_TYPE = YES_ERROR;
				GCC_WARN_UNDECLARED_SELECTOR = YES;
				GCC_WARN_UNINITIALIZED_AUTOS = YES_AGGRESSIVE;
				GCC_WARN_UNUSED_FUNCTION = YES;
				GCC_WARN_UNUSED_VARIABLE = YES;
				IPHONEOS_DEPLOYMENT_TARGET = 7.1;
				ONLY_ACTIVE_ARCH = YES;
				SDKROOT = iphoneos;
				TARGETED_DEVICE_FAMILY = 2;
			};
			name = Debug;
		};
		824E0CF3191ACACF00CBC4A9 /* Release */ = {
			isa = XCBuildConfiguration;
			buildSettings = {
				ALWAYS_SEARCH_USER_PATHS = NO;
				CLANG_CXX_LANGUAGE_STANDARD = "gnu++0x";
				CLANG_CXX_LIBRARY = "libc++";
				CLANG_ENABLE_MODULES = YES;
				CLANG_ENABLE_OBJC_ARC = YES;
				CLANG_WARN_BOOL_CONVERSION = YES;
				CLANG_WARN_CONSTANT_CONVERSION = YES;
				CLANG_WARN_DIRECT_OBJC_ISA_USAGE = YES_ERROR;
				CLANG_WARN_EMPTY_BODY = YES;
				CLANG_WARN_ENUM_CONVERSION = YES;
				CLANG_WARN_INT_CONVERSION = YES;
				CLANG_WARN_OBJC_ROOT_CLASS = YES_ERROR;
				CLANG_WARN__DUPLICATE_METHOD_MATCH = YES;
				"CODE_SIGN_IDENTITY[sdk=iphoneos*]" = "iPhone Developer";
				COPY_PHASE_STRIP = YES;
				ENABLE_NS_ASSERTIONS = NO;
				GCC_C_LANGUAGE_STANDARD = gnu99;
				GCC_WARN_64_TO_32_BIT_CONVERSION = YES;
				GCC_WARN_ABOUT_RETURN_TYPE = YES_ERROR;
				GCC_WARN_UNDECLARED_SELECTOR = YES;
				GCC_WARN_UNINITIALIZED_AUTOS = YES_AGGRESSIVE;
				GCC_WARN_UNUSED_FUNCTION = YES;
				GCC_WARN_UNUSED_VARIABLE = YES;
				IPHONEOS_DEPLOYMENT_TARGET = 7.1;
				SDKROOT = iphoneos;
				TARGETED_DEVICE_FAMILY = 2;
				VALIDATE_PRODUCT = YES;
			};
			name = Release;
		};
		824E0CF5191ACACF00CBC4A9 /* Debug */ = {
			isa = XCBuildConfiguration;
			buildSettings = {
				ASSETCATALOG_COMPILER_APPICON_NAME = AppIcon;
				ASSETCATALOG_COMPILER_LAUNCHIMAGE_NAME = LaunchImage;
				GCC_PRECOMPILE_PREFIX_HEADER = YES;
				GCC_PREFIX_HEADER = "xh_AccelerMonitor/xh_AccelerMonitor-Prefix.pch";
				INFOPLIST_FILE = "xh_AccelerMonitor/xh_AccelerMonitor-Info.plist";
				IPHONEOS_DEPLOYMENT_TARGET = 6.1;
				PRODUCT_NAME = "$(TARGET_NAME)";
				WRAPPER_EXTENSION = app;
			};
			name = Debug;
		};
		824E0CF6191ACACF00CBC4A9 /* Release */ = {
			isa = XCBuildConfiguration;
			buildSettings = {
				ASSETCATALOG_COMPILER_APPICON_NAME = AppIcon;
				ASSETCATALOG_COMPILER_LAUNCHIMAGE_NAME = LaunchImage;
				GCC_PRECOMPILE_PREFIX_HEADER = YES;
				GCC_PREFIX_HEADER = "xh_AccelerMonitor/xh_AccelerMonitor-Prefix.pch";
				INFOPLIST_FILE = "xh_AccelerMonitor/xh_AccelerMonitor-Info.plist";
				IPHONEOS_DEPLOYMENT_TARGET = 6.1;
				PRODUCT_NAME = "$(TARGET_NAME)";
				WRAPPER_EXTENSION = app;
			};
			name = Release;
		};
		824E0CF8191ACACF00CBC4A9 /* Debug */ = {
			isa = XCBuildConfiguration;
			buildSettings = {
				BUNDLE_LOADER = "$(BUILT_PRODUCTS_DIR)/xh_AccelerMonitor.app/xh_AccelerMonitor";
				FRAMEWORK_SEARCH_PATHS = (
					"$(SDKROOT)/Developer/Library/Frameworks",
					"$(inherited)",
					"$(DEVELOPER_FRAMEWORKS_DIR)",
				);
				GCC_PRECOMPILE_PREFIX_HEADER = YES;
				GCC_PREFIX_HEADER = "xh_AccelerMonitor/xh_AccelerMonitor-Prefix.pch";
				GCC_PREPROCESSOR_DEFINITIONS = (
					"DEBUG=1",
					"$(inherited)",
				);
				INFOPLIST_FILE = "xh_AccelerMonitorTests/xh_AccelerMonitorTests-Info.plist";
				PRODUCT_NAME = "$(TARGET_NAME)";
				TEST_HOST = "$(BUNDLE_LOADER)";
				WRAPPER_EXTENSION = xctest;
			};
			name = Debug;
		};
		824E0CF9191ACACF00CBC4A9 /* Release */ = {
			isa = XCBuildConfiguration;
			buildSettings = {
				BUNDLE_LOADER = "$(BUILT_PRODUCTS_DIR)/xh_AccelerMonitor.app/xh_AccelerMonitor";
				FRAMEWORK_SEARCH_PATHS = (
					"$(SDKROOT)/Developer/Library/Frameworks",
					"$(inherited)",
					"$(DEVELOPER_FRAMEWORKS_DIR)",
				);
				GCC_PRECOMPILE_PREFIX_HEADER = YES;
				GCC_PREFIX_HEADER = "xh_AccelerMonitor/xh_AccelerMonitor-Prefix.pch";
				INFOPLIST_FILE = "xh_AccelerMonitorTests/xh_AccelerMonitorTests-Info.plist";
				PRODUCT_NAME = "$(TARGET_NAME)";
				TEST_HOST = "$(BUNDLE_LOADER)";
				WRAPPER_EXTENSION = xctest;
			};
			name = Release;
		};
/* End XCBuildConfiguration section */

/* Begin XCConfigurationList section */
		824E0CBD191ACACE00CBC4A9 /* Build configuration list for PBXProject "xh_AccelerMonitor" */ = {
			isa = XCConfigurationList;
			buildConfigurations = (
				824E0CF2191ACACF00CBC4A9 /* Debug */,
				824E0CF3191ACACF00CBC4A9 /* Release */,
			);
			defaultConfigurationIsVisible = 0;
			defaultConfigurationName = Release;
		};
		824E0CF4191ACACF00CBC4A9 /* Build configuration list for PBXNativeTarget "xh_AccelerMonitor" */ = {
			isa = XCConfigurationList;
			buildConfigurations = (
				824E0CF5191ACACF00CBC4A9 /* Debug */,
				824E0CF6191ACACF00CBC4A9 /* Release */,
			);
			defaultConfigurationIsVisible = 0;
			defaultConfigurationName = Release;
		};
		824E0CF7191ACACF00CBC4A9 /* Build configuration list for PBXNativeTarget "xh_AccelerMonitorTests" */ = {
			isa = XCConfigurationList;
			buildConfigurations = (
				824E0CF8191ACACF00CBC4A9 /* Debug */,
				824E0CF9191ACACF00CBC4A9 /* Release */,
			);
			defaultConfigurationIsVisible = 0;
			defaultConfigurationName = Release;
		};
/* End XCConfigurationList section */
	};
	rootObject = 824E0CBA191ACACE00CBC4A9 /* Project object */;
}
